
Microsoft Visual Studio Solution File, Format Version 12.00
# Visual Studio 2015
Project("{FAE04EC0-301F-11D3-BF4B-00C04F79EFBC}") = "WizardsInPyjamas.CSharp", "WizardsInPyjamas.CSharp.csproj", "{6A9A736F-0D46-2A6D-D873-85A841D5DF37}"
EndProject
Global
	GlobalSection(SolutionConfigurationPlatforms) = preSolution
		Debug|Any CPU = Debug|Any CPU
		Release|Any CPU = Release|Any CPU
	EndGlobalSection
	GlobalSection(ProjectConfigurationPlatforms) = postSolution
		{6A9A736F-0D46-2A6D-D873-85A841D5DF37}.Debug|Any CPU.ActiveCfg = Debug|Any CPU
		{6A9A736F-0D46-2A6D-D873-85A841D5DF37}.Debug|Any CPU.Build.0 = Debug|Any CPU
		{6A9A736F-0D46-2A6D-D873-85A841D5DF37}.Release|Any CPU.ActiveCfg = Release|Any CPU
		{6A9A736F-0D46-2A6D-D873-85A841D5DF37}.Release|Any CPU.Build.0 = Release|Any CPU
	EndGlobalSection
	GlobalSection(SolutionProperties) = preSolution
		HideSolutionNode = FALSE
	EndGlobalSection
EndGlobal
